<?xml version="1.0" encoding="utf-8"?>
<Project ToolsVersion="4.0" xmlns="http://schemas.microsoft.com/developer/msbuild/2003">
  <ItemGroup>
    <ClCompile Include="$(MSBuildThisFileDirectory)Lee_Application.cpp">
      <Filter>cpp</Filter>
    </ClCompile>
    <ClCompile Include="$(MSBuildThisFileDirectory)LeePlayerObject.cpp">
      <Filter>cpp</Filter>
    </ClCompile>
    <ClCompile Include="$(MSBuildThisFileDirectory)LeeInPut.cpp">
      <Filter>cpp</Filter>
    </ClCompile>
    <ClCompile Include="$(MSBuildThisFileDirectory)Lee_Time.cpp">
      <Filter>cpp</Filter>
    </ClCompile>
  </ItemGroup>
  <ItemGroup>
    <ClInclude Include="$(MSBuildThisFileDirectory)Commonlnclude.h" />
    <ClInclude Include="$(MSBuildThisFileDirectory)Lee_Application.h">
      <Filter>h</Filter>
    </ClInclude>
    <ClInclude Include="$(MSBuildThisFileDirectory)LeePlayerObject.h">
      <Filter>h</Filter>
    </ClInclude>
    <ClInclude Include="$(MSBuildThisFileDirectory)LeeInPut.h">
      <Filter>h</Filter>
    </ClInclude>
    <ClInclude Include="$(MSBuildThisFileDirectory)Lee_Time.h">
      <Filter>h</Filter>
    </ClInclude>
  </ItemGroup>
  <ItemGroup>
    <Filter Include="h">
      <UniqueIdentifier>{e9796b39-7d7a-4542-9c1f-c871fb9ee319}</UniqueIdentifier>
    </Filter>
    <Filter Include="cpp">
      <UniqueIdentifier>{5f029092-57eb-449c-a7c2-6cd63a44ada7}</UniqueIdentifier>
    </Filter>
  </ItemGroup>
</Project>